
Microsoft Visual Studio Solution File, Format Version 12.00
# Visual Studio Version 17
VisualStudioVersion = 17.9.34723.18
MinimumVisualStudioVersion = 10.0.40219.1
Project("{9A19103F-16F7-4668-BE54-9A1E7A4F7556}") = "testlinux", "testlinux\testlinux.csproj", "{40AD0A4D-7AD7-4CF5-BEB5-E006D2DD33B8}"
EndProject
Global
	GlobalSection(SolutionConfigurationPlatforms) = preSolution
		Debug|Any CPU = Debug|Any CPU
		Release|Any CPU = Release|Any CPU
	EndGlobalSection
	GlobalSection(ProjectConfigurationPlatforms) = postSolution
		{40AD0A4D-7AD7-4CF5-BEB5-E006D2DD33B8}.Debug|Any CPU.ActiveCfg = Debug|Any CPU
		{40AD0A4D-7AD7-4CF5-BEB5-E006D2DD33B8}.Debug|Any CPU.Build.0 = Debug|Any CPU
		{40AD0A4D-7AD7-4CF5-BEB5-E006D2DD33B8}.Release|Any CPU.ActiveCfg = Release|Any CPU
		{40AD0A4D-7AD7-4CF5-BEB5-E006D2DD33B8}.Release|Any CPU.Build.0 = Release|Any CPU
	EndGlobalSection
	GlobalSection(SolutionProperties) = preSolution
		HideSolutionNode = FALSE
	EndGlobalSection
	GlobalSection(ExtensibilityGlobals) = postSolution
		SolutionGuid = {5F606979-AA5F-44B5-B1EB-4C8B153571EA}
	EndGlobalSection
EndGlobal
